// !$*UTF8*$!
{
	archiveVersion = 1;
	classes = {
	};
	objectVersion = 46;
	objects = {

/* Begin PBXBuildFile section */
		2824639C1A57D9E000D1A759 /* CoreLocation.framework in Frameworks */ = {isa = PBXBuildFile; fileRef = 2824639B1A57D9E000D1A759 /* CoreLocation.framework */; };
		28A5B0001A573B1B006B6550 /* AppDelegate.swift in Sources */ = {isa = PBXBuildFile; fileRef = 28A5AFFF1A573B1B006B6550 /* AppDelegate.swift */; };
		28A5B0021A573B1B006B6550 /* ViewController.swift in Sources */ = {isa = PBXBuildFile; fileRef = 28A5B0011A573B1B006B6550 /* ViewController.swift */; };
		28A5B0051A573B1B006B6550 /* Main.storyboard in Resources */ = {isa = PBXBuildFile; fileRef = 28A5B0031A573B1B006B6550 /* Main.storyboard */; };
		28A5B0071A573B1B006B6550 /* Images.xcassets in Resources */ = {isa = PBXBuildFile; fileRef = 28A5B0061A573B1B006B6550 /* Images.xcassets */; };
		28A5B00A1A573B1B006B6550 /* LaunchScreen.xib in Resources */ = {isa = PBXBuildFile; fileRef = 28A5B0081A573B1B006B6550 /* LaunchScreen.xib */; };
		28A5B0161A573B1B006B6550 /* ProjectTests.swift in Sources */ = {isa = PBXBuildFile; fileRef = 28A5B0151A573B1B006B6550 /* ProjectTests.swift */; };
		28A5B0201A576063006B6550 /* CurrentWeather.swift in Sources */ = {isa = PBXBuildFile; fileRef = 28A5B01F1A576063006B6550 /* CurrentWeather.swift */; };
		DFB764A01A5C54EC00433934 /* WeeklyWeather.swift in Sources */ = {isa = PBXBuildFile; fileRef = DFB7649F1A5C54EC00433934 /* WeeklyWeather.swift */; };
		DFB764D41A5C66AF00433934 /* WeeklyViewController.swift in Sources */ = {isa = PBXBuildFile; fileRef = DFB764D31A5C66AF00433934 /* WeeklyViewController.swift */; };
/* End PBXBuildFile section */

/* Begin PBXContainerItemProxy section */
		28A5B0101A573B1B006B6550 /* PBXContainerItemProxy */ = {
			isa = PBXContainerItemProxy;
			containerPortal = 28A5AFF21A573B1B006B6550 /* Project object */;
			proxyType = 1;
			remoteGlobalIDString = 28A5AFF91A573B1B006B6550;
			remoteInfo = Project;
		};
/* End PBXContainerItemProxy section */

/* Begin PBXFileReference section */
		2824639B1A57D9E000D1A759 /* CoreLocation.framework */ = {isa = PBXFileReference; lastKnownFileType = wrapper.framework; name = CoreLocation.framework; path = System/Library/Frameworks/CoreLocation.framework; sourceTree = SDKROOT; };
		282463CE1A57F5D000D1A759 /* Loc.gpx */ = {isa = PBXFileReference; lastKnownFileType = text.xml; path = Loc.gpx; sourceTree = "<group>"; };
		28A5AFFA1A573B1B006B6550 /* Project.app */ = {isa = PBXFileReference; explicitFileType = wrapper.application; includeInIndex = 0; path = Project.app; sourceTree = BUILT_PRODUCTS_DIR; };
		28A5AFFE1A573B1B006B6550 /* Info.plist */ = {isa = PBXFileReference; lastKnownFileType = text.plist.xml; path = Info.plist; sourceTree = "<group>"; };
		28A5AFFF1A573B1B006B6550 /* AppDelegate.swift */ = {isa = PBXFileReference; lastKnownFileType = sourcecode.swift; path = AppDelegate.swift; sourceTree = "<group>"; };
		28A5B0011A573B1B006B6550 /* ViewController.swift */ = {isa = PBXFileReference; lastKnownFileType = sourcecode.swift; path = ViewController.swift; sourceTree = "<group>"; };
		28A5B0041A573B1B006B6550 /* Base */ = {isa = PBXFileReference; lastKnownFileType = file.storyboard; name = Base; path = Base.lproj/Main.storyboard; sourceTree = "<group>"; };
		28A5B0061A573B1B006B6550 /* Images.xcassets */ = {isa = PBXFileReference; lastKnownFileType = folder.assetcatalog; path = Images.xcassets; sourceTree = "<group>"; };
		28A5B0091A573B1B006B6550 /* Base */ = {isa = PBXFileReference; lastKnownFileType = file.xib; name = Base; path = Base.lproj/LaunchScreen.xib; sourceTree = "<group>"; };
		28A5B00F1A573B1B006B6550 /* ProjectTests.xctest */ = {isa = PBXFileReference; explicitFileType = wrapper.cfbundle; includeInIndex = 0; path = ProjectTests.xctest; sourceTree = BUILT_PRODUCTS_DIR; };
		28A5B0141A573B1B006B6550 /* Info.plist */ = {isa = PBXFileReference; lastKnownFileType = text.plist.xml; path = Info.plist; sourceTree = "<group>"; };
		28A5B0151A573B1B006B6550 /* ProjectTests.swift */ = {isa = PBXFileReference; lastKnownFileType = sourcecode.swift; path = ProjectTests.swift; sourceTree = "<group>"; };
		28A5B01F1A576063006B6550 /* CurrentWeather.swift */ = {isa = PBXFileReference; fileEncoding = 4; lastKnownFileType = sourcecode.swift; path = CurrentWeather.swift; sourceTree = "<group>"; };
		DFB7649F1A5C54EC00433934 /* WeeklyWeather.swift */ = {isa = PBXFileReference; fileEncoding = 4; lastKnownFileType = sourcecode.swift; path = WeeklyWeather.swift; sourceTree = "<group>"; };
		DFB764D31A5C66AF00433934 /* WeeklyViewController.swift */ = {isa = PBXFileReference; fileEncoding = 4; lastKnownFileType = sourcecode.swift; path = WeeklyViewController.swift; sourceTree = "<group>"; };
/* End PBXFileReference section */

/* Begin PBXFrameworksBuildPhase section */
		28A5AFF71A573B1B006B6550 /* Frameworks */ = {
			isa = PBXFrameworksBuildPhase;
			buildActionMask = 2147483647;
			files = (
				2824639C1A57D9E000D1A759 /* CoreLocation.framework in Frameworks */,
			);
			runOnlyForDeploymentPostprocessing = 0;
		};
		28A5B00C1A573B1B006B6550 /* Frameworks */ = {
			isa = PBXFrameworksBuildPhase;
			buildActionMask = 2147483647;
			files = (
			);
			runOnlyForDeploymentPostprocessing = 0;
		};
/* End PBXFrameworksBuildPhase section */

/* Begin PBXGroup section */
		28A5AFF11A573B1B006B6550 = {
			isa = PBXGroup;
			children = (
				2824639B1A57D9E000D1A759 /* CoreLocation.framework */,
				28A5AFFC1A573B1B006B6550 /* Project */,
				28A5B0121A573B1B006B6550 /* ProjectTests */,
				28A5AFFB1A573B1B006B6550 /* Products */,
			);
			sourceTree = "<group>";
		};
		28A5AFFB1A573B1B006B6550 /* Products */ = {
			isa = PBXGroup;
			children = (
				28A5AFFA1A573B1B006B6550 /* Project.app */,
				28A5B00F1A573B1B006B6550 /* ProjectTests.xctest */,
			);
			name = Products;
			sourceTree = "<group>";
		};
		28A5AFFC1A573B1B006B6550 /* Project */ = {
			isa = PBXGroup;
			children = (
				28A5AFFF1A573B1B006B6550 /* AppDelegate.swift */,
				DFB764D31A5C66AF00433934 /* WeeklyViewController.swift */,
				DFB7649F1A5C54EC00433934 /* WeeklyWeather.swift */,
				28A5B0011A573B1B006B6550 /* ViewController.swift */,
				28A5B01F1A576063006B6550 /* CurrentWeather.swift */,
				28A5B0031A573B1B006B6550 /* Main.storyboard */,
				28A5B0061A573B1B006B6550 /* Images.xcassets */,
				28A5B0081A573B1B006B6550 /* LaunchScreen.xib */,
				28A5AFFD1A573B1B006B6550 /* Supporting Files */,
				282463CE1A57F5D000D1A759 /* Loc.gpx */,
			);
			path = Project;
			sourceTree = "<group>";
		};
		28A5AFFD1A573B1B006B6550 /* Supporting Files */ = {
			isa = PBXGroup;
			children = (
				28A5AFFE1A573B1B006B6550 /* Info.plist */,
			);
			name = "Supporting Files";
			sourceTree = "<group>";
		};
		28A5B0121A573B1B006B6550 /* ProjectTests */ = {
			isa = PBXGroup;
			children = (
				28A5B0151A573B1B006B6550 /* ProjectTests.swift */,
				28A5B0131A573B1B006B6550 /* Supporting Files */,
			);
			path = ProjectTests;
			sourceTree = "<group>";
		};
		28A5B0131A573B1B006B6550 /* Supporting Files */ = {
			isa = PBXGroup;
			children = (
				28A5B0141A573B1B006B6550 /* Info.plist */,
			);
			name = "Supporting Files";
			sourceTree = "<group>";
		};
/* End PBXGroup section */

/* Begin PBXNativeTarget section */
		28A5AFF91A573B1B006B6550 /* Project */ = {
			isa = PBXNativeTarget;
			buildConfigurationList = 28A5B0191A573B1B006B6550 /* Build configuration list for PBXNativeTarget "Project" */;
			buildPhases = (
				28A5AFF61A573B1B006B6550 /* Sources */,
				28A5AFF71A573B1B006B6550 /* Frameworks */,
				28A5AFF81A573B1B006B6550 /* Resources */,
			);
			buildRules = (
			);
			dependencies = (
			);
			name = Project;
			productName = Project;
			productReference = 28A5AFFA1A573B1B006B6550 /* Project.app */;
			productType = "com.apple.product-type.application";
		};
		28A5B00E1A573B1B006B6550 /* ProjectTests */ = {
			isa = PBXNativeTarget;
			buildConfigurationList = 28A5B01C1A573B1B006B6550 /* Build configuration list for PBXNativeTarget "ProjectTests" */;
			buildPhases = (
				28A5B00B1A573B1B006B6550 /* Sources */,
				28A5B00C1A573B1B006B6550 /* Frameworks */,
				28A5B00D1A573B1B006B6550 /* Resources */,
			);
			buildRules = (
			);
			dependencies = (
				28A5B0111A573B1B006B6550 /* PBXTargetDependency */,
			);
			name = ProjectTests;
			productName = ProjectTests;
			productReference = 28A5B00F1A573B1B006B6550 /* ProjectTests.xctest */;
			productType = "com.apple.product-type.bundle.unit-test";
		};
/* End PBXNativeTarget section */

/* Begin PBXProject section */
		28A5AFF21A573B1B006B6550 /* Project object */ = {
			isa = PBXProject;
			attributes = {
				LastUpgradeCheck = 0610;
				ORGANIZATIONNAME = "Onur ILTAN";
				TargetAttributes = {
					28A5AFF91A573B1B006B6550 = {
						CreatedOnToolsVersion = 6.1;
					};
					28A5B00E1A573B1B006B6550 = {
						CreatedOnToolsVersion = 6.1;
						TestTargetID = 28A5AFF91A573B1B006B6550;
					};
				};
			};
			buildConfigurationList = 28A5AFF51A573B1B006B6550 /* Build configuration list for PBXProject "Project" */;
			compatibilityVersion = "Xcode 3.2";
			developmentRegion = English;
			hasScannedForEncodings = 0;
			knownRegions = (
				en,
				Base,
			);
			mainGroup = 28A5AFF11A573B1B006B6550;
			productRefGroup = 28A5AFFB1A573B1B006B6550 /* Products */;
			projectDirPath = "";
			projectRoot = "";
			targets = (
				28A5AFF91A573B1B006B6550 /* Project */,
				28A5B00E1A573B1B006B6550 /* ProjectTests */,
			);
		};
/* End PBXProject section */

/* Begin PBXResourcesBuildPhase section */
		28A5AFF81A573B1B006B6550 /* Resources */ = {
			isa = PBXResourcesBuildPhase;
			buildActionMask = 2147483647;
			files = (
				28A5B0051A573B1B006B6550 /* Main.storyboard in Resources */,
				28A5B00A1A573B1B006B6550 /* LaunchScreen.xib in Resources */,
				28A5B0071A573B1B006B6550 /* Images.xcassets in Resources */,
			);
			runOnlyForDeploymentPostprocessing = 0;
		};
		28A5B00D1A573B1B006B6550 /* Resources */ = {
			isa = PBXResourcesBuildPhase;
			buildActionMask = 2147483647;
			files = (
			);
			runOnlyForDeploymentPostprocessing = 0;
		};
/* End PBXResourcesBuildPhase section */

/* Begin PBXSourcesBuildPhase section */
		28A5AFF61A573B1B006B6550 /* Sources */ = {
			isa = PBXSourcesBuildPhase;
			buildActionMask = 2147483647;
			files = (
				28A5B0021A573B1B006B6550 /* ViewController.swift in Sources */,
				28A5B0201A576063006B6550 /* CurrentWeather.swift in Sources */,
				28A5B0001A573B1B006B6550 /* AppDelegate.swift in Sources */,
				DFB764D41A5C66AF00433934 /* WeeklyViewController.swift in Sources */,
				DFB764A01A5C54EC00433934 /* WeeklyWeather.swift in Sources */,
			);
			runOnlyForDeploymentPostprocessing = 0;
		};
		28A5B00B1A573B1B006B6550 /* Sources */ = {
			isa = PBXSourcesBuildPhase;
			buildActionMask = 2147483647;
			files = (
				28A5B0161A573B1B006B6550 /* ProjectTests.swift in Sources */,
			);
			runOnlyForDeploymentPostprocessing = 0;
		};
/* End PBXSourcesBuildPhase section */

/* Begin PBXTargetDependency section */
		28A5B0111A573B1B006B6550 /* PBXTargetDependency */ = {
			isa = PBXTargetDependency;
			target = 28A5AFF91A573B1B006B6550 /* Project */;
			targetProxy = 28A5B0101A573B1B006B6550 /* PBXContainerItemProxy */;
		};
/* End PBXTargetDependency section */

/* Begin PBXVariantGroup section */
		28A5B0031A573B1B006B6550 /* Main.storyboard */ = {
			isa = PBXVariantGroup;
			children = (
				28A5B0041A573B1B006B6550 /* Base */,
			);
			name = Main.storyboard;
			sourceTree = "<group>";
		};
		28A5B0081A573B1B006B6550 /* LaunchScreen.xib */ = {
			isa = PBXVariantGroup;
			children = (
				28A5B0091A573B1B006B6550 /* Base */,
			);
			name = LaunchScreen.xib;
			sourceTree = "<group>";
		};
/* End PBXVariantGroup section */

/* Begin XCBuildConfiguration section */
		28A5B0171A573B1B006B6550 /* Debug */ = {
			isa = XCBuildConfiguration;
			buildSettings = {
				ALWAYS_SEARCH_USER_PATHS = NO;
				CLANG_CXX_LANGUAGE_STANDARD = "gnu++0x";
				CLANG_CXX_LIBRARY = "libc++";
				CLANG_ENABLE_MODULES = YES;
				CLANG_ENABLE_OBJC_ARC = YES;
				CLANG_WARN_BOOL_CONVERSION = YES;
				CLANG_WARN_CONSTANT_CONVERSION = YES;
				CLANG_WARN_DIRECT_OBJC_ISA_USAGE = YES_ERROR;
				CLANG_WARN_EMPTY_BODY = YES;
				CLANG_WARN_ENUM_CONVERSION = YES;
				CLANG_WARN_INT_CONVERSION = YES;
				CLANG_WARN_OBJC_ROOT_CLASS = YES_ERROR;
				CLANG_WARN_UNREACHABLE_CODE = YES;
				CLANG_WARN__DUPLICATE_METHOD_MATCH = YES;
				"CODE_SIGN_IDENTITY[sdk=iphoneos*]" = "iPhone Developer";
				COPY_PHASE_STRIP = NO;
				ENABLE_STRICT_OBJC_MSGSEND = YES;
				GCC_C_LANGUAGE_STANDARD = gnu99;
				GCC_DYNAMIC_NO_PIC = NO;
				GCC_OPTIMIZATION_LEVEL = 0;
				GCC_PREPROCESSOR_DEFINITIONS = (
					"DEBUG=1",
					"$(inherited)",
				);
				GCC_SYMBOLS_PRIVATE_EXTERN = NO;
				GCC_WARN_64_TO_32_BIT_CONVERSION = YES;
				GCC_WARN_ABOUT_RETURN_TYPE = YES_ERROR;
				GCC_WARN_UNDECLARED_SELECTOR = YES;
				GCC_WARN_UNINITIALIZED_AUTOS = YES_AGGRESSIVE;
				GCC_WARN_UNUSED_FUNCTION = YES;
				GCC_WARN_UNUSED_VARIABLE = YES;
				IPHONEOS_DEPLOYMENT_TARGET = 8.1;
				MTL_ENABLE_DEBUG_INFO = YES;
				ONLY_ACTIVE_ARCH = YES;
				SDKROOT = iphoneos;
				SWIFT_OPTIMIZATION_LEVEL = "-Onone";
			};
			name = Debug;
		};
		28A5B0181A573B1B006B6550 /* Release */ = {
			isa = XCBuildConfiguration;
			buildSettings = {
				ALWAYS_SEARCH_USER_PATHS = NO;
				CLANG_CXX_LANGUAGE_STANDARD = "gnu++0x";
				CLANG_CXX_LIBRARY = "libc++";
				CLANG_ENABLE_MODULES = YES;
				CLANG_ENABLE_OBJC_ARC = YES;
				CLANG_WARN_BOOL_CONVERSION = YES;
				CLANG_WARN_CONSTANT_CONVERSION = YES;
				CLANG_WARN_DIRECT_OBJC_ISA_USAGE = YES_ERROR;
				CLANG_WARN_EMPTY_BODY = YES;
				CLANG_WARN_ENUM_CONVERSION = YES;
				CLANG_WARN_INT_CONVERSION = YES;
				CLANG_WARN_OBJC_ROOT_CLASS = YES_ERROR;
				CLANG_WARN_UNREACHABLE_CODE = YES;
				CLANG_WARN__DUPLICATE_METHOD_MATCH = YES;
				"CODE_SIGN_IDENTITY[sdk=iphoneos*]" = "iPhone Developer";
				COPY_PHASE_STRIP = YES;
				ENABLE_NS_ASSERTIONS = NO;
				ENABLE_STRICT_OBJC_MSGSEND = YES;
				GCC_C_LANGUAGE_STANDARD = gnu99;
				GCC_WARN_64_TO_32_BIT_CONVERSION = YES;
				GCC_WARN_ABOUT_RETURN_TYPE = YES_ERROR;
				GCC_WARN_UNDECLARED_SELECTOR = YES;
				GCC_WARN_UNINITIALIZED_AUTOS = YES_AGGRESSIVE;
				GCC_WARN_UNUSED_FUNCTION = YES;
				GCC_WARN_UNUSED_VARIABLE = YES;
				IPHONEOS_DEPLOYMENT_TARGET = 8.1;
				MTL_ENABLE_DEBUG_INFO = NO;
				SDKROOT = iphoneos;
				VALIDATE_PRODUCT = YES;
			};
			name = Release;
		};
		28A5B01A1A573B1B006B6550 /* Debug */ = {
			isa = XCBuildConfiguration;
			buildSettings = {
				ASSETCATALOG_COMPILER_APPICON_NAME = AppIcon;
				INFOPLIST_FILE = Project/Info.plist;
				LD_RUNPATH_SEARCH_PATHS = "$(inherited) @executable_path/Frameworks";
				PRODUCT_NAME = "$(TARGET_NAME)";
			};
			name = Debug;
		};
		28A5B01B1A573B1B006B6550 /* Release */ = {
			isa = XCBuildConfiguration;
			buildSettings = {
				ASSETCATALOG_COMPILER_APPICON_NAME = AppIcon;
				INFOPLIST_FILE = Project/Info.plist;
				LD_RUNPATH_SEARCH_PATHS = "$(inherited) @executable_path/Frameworks";
				PRODUCT_NAME = "$(TARGET_NAME)";
			};
			name = Release;
		};
		28A5B01D1A573B1B006B6550 /* Debug */ = {
			isa = XCBuildConfiguration;
			buildSettings = {
				BUNDLE_LOADER = "$(TEST_HOST)";
				FRAMEWORK_SEARCH_PATHS = (
					"$(SDKROOT)/Developer/Library/Frameworks",
					"$(inherited)",
				);
				GCC_PREPROCESSOR_DEFINITIONS = (
					"DEBUG=1",
					"$(inherited)",
				);
				INFOPLIST_FILE = ProjectTests/Info.plist;
				LD_RUNPATH_SEARCH_PATHS = "$(inherited) @executable_path/Frameworks @loader_path/Frameworks";
				PRODUCT_NAME = "$(TARGET_NAME)";
				TEST_HOST = "$(BUILT_PRODUCTS_DIR)/Project.app/Project";
			};
			name = Debug;
		};
		28A5B01E1A573B1B006B6550 /* Release */ = {
			isa = XCBuildConfiguration;
			buildSettings = {
				BUNDLE_LOADER = "$(TEST_HOST)";
				FRAMEWORK_SEARCH_PATHS = (
					"$(SDKROOT)/Developer/Library/Frameworks",
					"$(inherited)",
				);
				INFOPLIST_FILE = ProjectTests/Info.plist;
				LD_RUNPATH_SEARCH_PATHS = "$(inherited) @executable_path/Frameworks @loader_path/Frameworks";
				PRODUCT_NAME = "$(TARGET_NAME)";
				TEST_HOST = "$(BUILT_PRODUCTS_DIR)/Project.app/Project";
			};
			name = Release;
		};
/* End XCBuildConfiguration section */

/* Begin XCConfigurationList section */
		28A5AFF51A573B1B006B6550 /* Build configuration list for PBXProject "Project" */ = {
			isa = XCConfigurationList;
			buildConfigurations = (
				28A5B0171A573B1B006B6550 /* Debug */,
				28A5B0181A573B1B006B6550 /* Release */,
			);
			defaultConfigurationIsVisible = 0;
			defaultConfigurationName = Release;
		};
		28A5B0191A573B1B006B6550 /* Build configuration list for PBXNativeTarget "Project" */ = {
			isa = XCConfigurationList;
			buildConfigurations = (
				28A5B01A1A573B1B006B6550 /* Debug */,
				28A5B01B1A573B1B006B6550 /* Release */,
			);
			defaultConfigurationIsVisible = 0;
			defaultConfigurationName = Release;
		};
		28A5B01C1A573B1B006B6550 /* Build configuration list for PBXNativeTarget "ProjectTests" */ = {
			isa = XCConfigurationList;
			buildConfigurations = (
				28A5B01D1A573B1B006B6550 /* Debug */,
				28A5B01E1A573B1B006B6550 /* Release */,
			);
			defaultConfigurationIsVisible = 0;
			defaultConfigurationName = Release;
		};
/* End XCConfigurationList section */
	};
	rootObject = 28A5AFF21A573B1B006B6550 /* Project object */;
}
